<?xml version="1.0" encoding="utf-8"?>
<Project ToolsVersion="4.0" xmlns="http://schemas.microsoft.com/developer/msbuild/2003">
  <ItemGroup>
    <Filter Include="Source Files">
      <UniqueIdentifier>{f71c6290-0c3f-44f0-babf-6674efa1001a}</UniqueIdentifier>
    </Filter>
    <Filter Include="Header Files">
      <UniqueIdentifier>{6d41adc5-f205-4a13-b9ea-9218bf6f6015}</UniqueIdentifier>
    </Filter>
    <Filter Include="json">
      <UniqueIdentifier>{7d918120-1cd1-44b1-b6bb-e583d51c3837}</UniqueIdentifier>
    </Filter>
    <Filter Include="ST">
      <UniqueIdentifier>{857e1266-c88c-476d-a741-e31b52bcfac7}</UniqueIdentifier>
    </Filter>
  </ItemGroup>
  <ItemGroup>
    <ClCompile Include="..\..\..\..\src\BulletDynamics\Character\btKinematicCharacterController.cpp">
      <Filter>Source Files</Filter>
    </ClCompile>
    <ClCompile Include="..\..\..\..\src\BulletDynamics\ConstraintSolver\btConeTwistConstraint.cpp">
      <Filter>Source Files</Filter>
    </ClCompile>
    <ClCompile Include="..\..\..\..\src\BulletDynamics\ConstraintSolver\btContactConstraint.cpp">
      <Filter>Source Files</Filter>
    </ClCompile>
    <ClCompile Include="..\..\..\..\src\BulletDynamics\ConstraintSolver\btGeneric6DofConstraint.cpp">
      <Filter>Source Files</Filter>
    </ClCompile>
    <ClCompile Include="..\..\..\..\src\BulletDynamics\ConstraintSolver\btGeneric6DofSpringConstraint.cpp">
      <Filter>Source Files</Filter>
    </ClCompile>
    <ClCompile Include="..\..\..\..\src\BulletDynamics\ConstraintSolver\btHinge2Constraint.cpp">
      <Filter>Source Files</Filter>
    </ClCompile>
    <ClCompile Include="..\..\..\..\src\BulletDynamics\ConstraintSolver\btHingeConstraint.cpp">
      <Filter>Source Files</Filter>
    </ClCompile>
    <ClCompile Include="..\..\..\..\src\BulletDynamics\ConstraintSolver\btPoint2PointConstraint.cpp">
      <Filter>Source Files</Filter>
    </ClCompile>
    <ClCompile Include="..\..\..\..\src\BulletDynamics\ConstraintSolver\btSequentialImpulseConstraintSolver.cpp">
      <Filter>Source Files</Filter>
    </ClCompile>
    <ClCompile Include="..\..\..\..\src\BulletDynamics\ConstraintSolver\btSliderConstraint.cpp">
      <Filter>Source Files</Filter>
    </ClCompile>
    <ClCompile Include="..\..\..\..\src\BulletDynamics\ConstraintSolver\btSolve2LinearConstraint.cpp">
      <Filter>Source Files</Filter>
    </ClCompile>
    <ClCompile Include="..\..\..\..\src\BulletDynamics\ConstraintSolver\btTypedConstraint.cpp">
      <Filter>Source Files</Filter>
    </ClCompile>
    <ClCompile Include="..\..\..\..\src\BulletDynamics\ConstraintSolver\btUniversalConstraint.cpp">
      <Filter>Source Files</Filter>
    </ClCompile>
    <ClCompile Include="..\..\..\..\src\BulletDynamics\Dynamics\btContinuousDynamicsWorld.cpp">
      <Filter>Source Files</Filter>
    </ClCompile>
    <ClCompile Include="..\..\..\..\src\BulletDynamics\Dynamics\btDiscreteDynamicsWorld.cpp">
      <Filter>Source Files</Filter>
    </ClCompile>
    <ClCompile Include="..\..\..\..\src\BulletDynamics\Dynamics\btRigidBody.cpp">
      <Filter>Source Files</Filter>
    </ClCompile>
    <ClCompile Include="..\..\..\..\src\BulletDynamics\Dynamics\btSimpleDynamicsWorld.cpp">
      <Filter>Source Files</Filter>
    </ClCompile>
    <ClCompile Include="..\..\..\..\src\BulletDynamics\Dynamics\Bullet-C-API.cpp">
      <Filter>Source Files</Filter>
    </ClCompile>
    <ClCompile Include="..\..\..\..\src\BulletDynamics\Vehicle\btRaycastVehicle.cpp">
      <Filter>Source Files</Filter>
    </ClCompile>
    <ClCompile Include="..\..\..\..\src\BulletDynamics\Vehicle\btWheelInfo.cpp">
      <Filter>Source Files</Filter>
    </ClCompile>
    <ClCompile Include="..\..\..\..\src\BulletDynamics\Dynamics\btSTWorld.cpp">
      <Filter>ST</Filter>
    </ClCompile>
    <ClCompile Include="..\..\..\..\src\BulletDynamics\Dynamics\SolveMCP.cpp">
      <Filter>ST</Filter>
    </ClCompile>
    <ClCompile Include="..\..\..\..\src\BulletDynamics\Dynamics\cs_print.c">
      <Filter>ST</Filter>
    </ClCompile>
    <ClCompile Include="..\..\..\..\src\BulletDynamics\Dynamics\cs_util.c">
      <Filter>ST</Filter>
    </ClCompile>
    <ClCompile Include="..\..\..\..\src\BulletDynamics\Dynamics\cs_entry.c">
      <Filter>ST</Filter>
    </ClCompile>
    <ClCompile Include="..\..\..\..\src\BulletDynamics\Dynamics\cs_malloc.c">
      <Filter>ST</Filter>
    </ClCompile>
    <ClCompile Include="..\..\..\..\src\BulletDynamics\Dynamics\SimpleLCP_Path.cpp">
      <Filter>ST</Filter>
    </ClCompile>
    <ClCompile Include="..\..\..\..\src\BulletDynamics\Dynamics\btST2World.cpp" />
  </ItemGroup>
  <ItemGroup>
    <ClInclude Include="..\..\..\..\src\btBulletDynamicsCommon.h">
      <Filter>Header Files</Filter>
    </ClInclude>
    <ClInclude Include="..\..\..\..\src\btBulletCollisionCommon.h">
      <Filter>Header Files</Filter>
    </ClInclude>
    <ClInclude Include="..\..\..\..\src\BulletDynamics\ConstraintSolver\btConeTwistConstraint.h">
      <Filter>Header Files</Filter>
    </ClInclude>
    <ClInclude Include="..\..\..\..\src\BulletDynamics\ConstraintSolver\btConstraintSolver.h">
      <Filter>Header Files</Filter>
    </ClInclude>
    <ClInclude Include="..\..\..\..\src\BulletDynamics\ConstraintSolver\btContactConstraint.h">
      <Filter>Header Files</Filter>
    </ClInclude>
    <ClInclude Include="..\..\..\..\src\BulletDynamics\ConstraintSolver\btContactSolverInfo.h">
      <Filter>Header Files</Filter>
    </ClInclude>
    <ClInclude Include="..\..\..\..\src\BulletDynamics\ConstraintSolver\btGeneric6DofConstraint.h">
      <Filter>Header Files</Filter>
    </ClInclude>
    <ClInclude Include="..\..\..\..\src\BulletDynamics\ConstraintSolver\btGeneric6DofSpringConstraint.h">
      <Filter>Header Files</Filter>
    </ClInclude>
    <ClInclude Include="..\..\..\..\src\BulletDynamics\ConstraintSolver\btHinge2Constraint.h">
      <Filter>Header Files</Filter>
    </ClInclude>
    <ClInclude Include="..\..\..\..\src\BulletDynamics\ConstraintSolver\btHingeConstraint.h">
      <Filter>Header Files</Filter>
    </ClInclude>
    <ClInclude Include="..\..\..\..\src\BulletDynamics\ConstraintSolver\btJacobianEntry.h">
      <Filter>Header Files</Filter>
    </ClInclude>
    <ClInclude Include="..\..\..\..\src\BulletDynamics\ConstraintSolver\btPoint2PointConstraint.h">
      <Filter>Header Files</Filter>
    </ClInclude>
    <ClInclude Include="..\..\..\..\src\BulletDynamics\ConstraintSolver\btSequentialImpulseConstraintSolver.h">
      <Filter>Header Files</Filter>
    </ClInclude>
    <ClInclude Include="..\..\..\..\src\BulletDynamics\ConstraintSolver\btSliderConstraint.h">
      <Filter>Header Files</Filter>
    </ClInclude>
    <ClInclude Include="..\..\..\..\src\BulletDynamics\ConstraintSolver\btSolve2LinearConstraint.h">
      <Filter>Header Files</Filter>
    </ClInclude>
    <ClInclude Include="..\..\..\..\src\BulletDynamics\ConstraintSolver\btSolverBody.h">
      <Filter>Header Files</Filter>
    </ClInclude>
    <ClInclude Include="..\..\..\..\src\BulletDynamics\ConstraintSolver\btSolverConstraint.h">
      <Filter>Header Files</Filter>
    </ClInclude>
    <ClInclude Include="..\..\..\..\src\BulletDynamics\ConstraintSolver\btTypedConstraint.h">
      <Filter>Header Files</Filter>
    </ClInclude>
    <ClInclude Include="..\..\..\..\src\BulletDynamics\ConstraintSolver\btUniversalConstraint.h">
      <Filter>Header Files</Filter>
    </ClInclude>
    <ClInclude Include="..\..\..\..\src\BulletDynamics\Dynamics\btActionInterface.h">
      <Filter>Header Files</Filter>
    </ClInclude>
    <ClInclude Include="..\..\..\..\src\BulletDynamics\Dynamics\btContinuousDynamicsWorld.h">
      <Filter>Header Files</Filter>
    </ClInclude>
    <ClInclude Include="..\..\..\..\src\BulletDynamics\Dynamics\btDiscreteDynamicsWorld.h">
      <Filter>Header Files</Filter>
    </ClInclude>
    <ClInclude Include="..\..\..\..\src\BulletDynamics\Dynamics\btDynamicsWorld.h">
      <Filter>Header Files</Filter>
    </ClInclude>
    <ClInclude Include="..\..\..\..\src\BulletDynamics\Dynamics\btSimpleDynamicsWorld.h">
      <Filter>Header Files</Filter>
    </ClInclude>
    <ClInclude Include="..\..\..\..\src\BulletDynamics\Dynamics\btRigidBody.h">
      <Filter>Header Files</Filter>
    </ClInclude>
    <ClInclude Include="..\..\..\..\src\BulletDynamics\Vehicle\btRaycastVehicle.h">
      <Filter>Header Files</Filter>
    </ClInclude>
    <ClInclude Include="..\..\..\..\src\BulletDynamics\Vehicle\btVehicleRaycaster.h">
      <Filter>Header Files</Filter>
    </ClInclude>
    <ClInclude Include="..\..\..\..\src\BulletDynamics\Vehicle\btWheelInfo.h">
      <Filter>Header Files</Filter>
    </ClInclude>
    <ClInclude Include="..\..\..\..\src\BulletDynamics\Character\btCharacterControllerInterface.h">
      <Filter>Header Files</Filter>
    </ClInclude>
    <ClInclude Include="..\..\..\..\src\BulletDynamics\Character\btKinematicCharacterController.h">
      <Filter>Header Files</Filter>
    </ClInclude>
    <ClInclude Include="..\..\..\..\src\json\elements.h">
      <Filter>json</Filter>
    </ClInclude>
    <ClInclude Include="..\..\..\..\src\json\reader.h">
      <Filter>json</Filter>
    </ClInclude>
    <ClInclude Include="..\..\..\..\src\json\writer.h">
      <Filter>json</Filter>
    </ClInclude>
    <ClInclude Include="..\..\..\..\src\BulletDynamics\Dynamics\btSTWorld.h">
      <Filter>ST</Filter>
    </ClInclude>
    <ClInclude Include="..\..\..\..\src\BulletDynamics\Dynamics\cs.h">
      <Filter>ST</Filter>
    </ClInclude>
    <ClInclude Include="..\..\..\..\src\BulletDynamics\Dynamics\SolveMCP.h">
      <Filter>ST</Filter>
    </ClInclude>
    <ClInclude Include="..\..\..\..\src\BulletDynamics\Dynamics\Standalone_Path.h">
      <Filter>ST</Filter>
    </ClInclude>
    <ClInclude Include="..\..\..\..\src\BulletDynamics\Dynamics\SimpleLCP.h">
      <Filter>ST</Filter>
    </ClInclude>
    <ClInclude Include="..\..\..\..\src\BulletDynamics\Dynamics\btST2World.h" />
  </ItemGroup>
  <ItemGroup>
    <None Include="..\..\..\..\src\json\writer.inl">
      <Filter>json</Filter>
    </None>
    <None Include="..\..\..\..\src\json\elements.inl">
      <Filter>json</Filter>
    </None>
    <None Include="..\..\..\..\src\json\reader.inl">
      <Filter>json</Filter>
    </None>
  </ItemGroup>
</Project>